// !$*UTF8*$!
{
	archiveVersion = 1;
	classes = {
	};
	objectVersion = 55;
	objects = {

/* Begin PBXBuildFile section */
		3A072269286753300072FA32 /* TreasureBoatSwift in Frameworks */ = {isa = PBXBuildFile; productRef = 3A072268286753300072FA32 /* TreasureBoatSwift */; };
		3A07226B286757390072FA32 /* Constants.swift in Sources */ = {isa = PBXBuildFile; fileRef = 3A07226A286757390072FA32 /* Constants.swift */; };
		3AFCA61D28718D0F00745122 /* SamplePage1.swift in Sources */ = {isa = PBXBuildFile; fileRef = 3AFCA61C28718D0F00745122 /* SamplePage1.swift */; };
		3AFCA61F28718EAC00745122 /* SamplePage2.swift in Sources */ = {isa = PBXBuildFile; fileRef = 3AFCA61E28718EAC00745122 /* SamplePage2.swift */; };
		3AFF67A22862CC3C00E3EDC3 /* ExampleApp.swift in Sources */ = {isa = PBXBuildFile; fileRef = 3AFF67A12862CC3C00E3EDC3 /* ExampleApp.swift */; };
		3AFF67A42862CC3C00E3EDC3 /* ContentView.swift in Sources */ = {isa = PBXBuildFile; fileRef = 3AFF67A32862CC3C00E3EDC3 /* ContentView.swift */; };
		3AFF67A62862CC3D00E3EDC3 /* Assets.xcassets in Resources */ = {isa = PBXBuildFile; fileRef = 3AFF67A52862CC3D00E3EDC3 /* Assets.xcassets */; };
		3AFF67A92862CC3D00E3EDC3 /* Preview Assets.xcassets in Resources */ = {isa = PBXBuildFile; fileRef = 3AFF67A82862CC3D00E3EDC3 /* Preview Assets.xcassets */; };
/* End PBXBuildFile section */

/* Begin PBXFileReference section */
		3A07226A286757390072FA32 /* Constants.swift */ = {isa = PBXFileReference; lastKnownFileType = sourcecode.swift; path = Constants.swift; sourceTree = "<group>"; };
		3AFCA61C28718D0F00745122 /* SamplePage1.swift */ = {isa = PBXFileReference; lastKnownFileType = sourcecode.swift; path = SamplePage1.swift; sourceTree = "<group>"; };
		3AFCA61E28718EAC00745122 /* SamplePage2.swift */ = {isa = PBXFileReference; lastKnownFileType = sourcecode.swift; path = SamplePage2.swift; sourceTree = "<group>"; };
		3AFF679E2862CC3C00E3EDC3 /* ExampleApp.app */ = {isa = PBXFileReference; explicitFileType = wrapper.application; includeInIndex = 0; path = ExampleApp.app; sourceTree = BUILT_PRODUCTS_DIR; };
		3AFF67A12862CC3C00E3EDC3 /* ExampleApp.swift */ = {isa = PBXFileReference; lastKnownFileType = sourcecode.swift; path = ExampleApp.swift; sourceTree = "<group>"; };
		3AFF67A32862CC3C00E3EDC3 /* ContentView.swift */ = {isa = PBXFileReference; lastKnownFileType = sourcecode.swift; path = ContentView.swift; sourceTree = "<group>"; };
		3AFF67A52862CC3D00E3EDC3 /* Assets.xcassets */ = {isa = PBXFileReference; lastKnownFileType = folder.assetcatalog; path = Assets.xcassets; sourceTree = "<group>"; };
		3AFF67A82862CC3D00E3EDC3 /* Preview Assets.xcassets */ = {isa = PBXFileReference; lastKnownFileType = folder.assetcatalog; path = "Preview Assets.xcassets"; sourceTree = "<group>"; };
		3AFF67B02862CC7000E3EDC3 /* TreasureBoatSwift */ = {isa = PBXFileReference; lastKnownFileType = wrapper; name = TreasureBoatSwift; path = ../..; sourceTree = "<group>"; };
/* End PBXFileReference section */

/* Begin PBXFrameworksBuildPhase section */
		3AFF679B2862CC3C00E3EDC3 /* Frameworks */ = {
			isa = PBXFrameworksBuildPhase;
			buildActionMask = 2147483647;
			files = (
				3A072269286753300072FA32 /* TreasureBoatSwift in Frameworks */,
			);
			runOnlyForDeploymentPostprocessing = 0;
		};
/* End PBXFrameworksBuildPhase section */

/* Begin PBXGroup section */
		3A072267286753300072FA32 /* Frameworks */ = {
			isa = PBXGroup;
			children = (
			);
			name = Frameworks;
			sourceTree = "<group>";
		};
		3A07226C286757480072FA32 /* SetUp */ = {
			isa = PBXGroup;
			children = (
				3A07226A286757390072FA32 /* Constants.swift */,
			);
			path = SetUp;
			sourceTree = "<group>";
		};
		3A07226D2867575A0072FA32 /* Screens */ = {
			isa = PBXGroup;
			children = (
				3AFF67A32862CC3C00E3EDC3 /* ContentView.swift */,
				3AFCA61C28718D0F00745122 /* SamplePage1.swift */,
				3AFCA61E28718EAC00745122 /* SamplePage2.swift */,
			);
			path = Screens;
			sourceTree = "<group>";
		};
		3AFF67952862CC3C00E3EDC3 = {
			isa = PBXGroup;
			children = (
				3AFF67AF2862CC7000E3EDC3 /* Packages */,
				3AFF67A02862CC3C00E3EDC3 /* ExampleApp */,
				3AFF679F2862CC3C00E3EDC3 /* Products */,
				3A072267286753300072FA32 /* Frameworks */,
			);
			sourceTree = "<group>";
		};
		3AFF679F2862CC3C00E3EDC3 /* Products */ = {
			isa = PBXGroup;
			children = (
				3AFF679E2862CC3C00E3EDC3 /* ExampleApp.app */,
			);
			name = Products;
			sourceTree = "<group>";
		};
		3AFF67A02862CC3C00E3EDC3 /* ExampleApp */ = {
			isa = PBXGroup;
			children = (
				3AFF67A12862CC3C00E3EDC3 /* ExampleApp.swift */,
				3A07226C286757480072FA32 /* SetUp */,
				3A07226D2867575A0072FA32 /* Screens */,
				3AFF67A52862CC3D00E3EDC3 /* Assets.xcassets */,
				3AFF67A72862CC3D00E3EDC3 /* Preview Content */,
			);
			path = ExampleApp;
			sourceTree = "<group>";
		};
		3AFF67A72862CC3D00E3EDC3 /* Preview Content */ = {
			isa = PBXGroup;
			children = (
				3AFF67A82862CC3D00E3EDC3 /* Preview Assets.xcassets */,
			);
			path = "Preview Content";
			sourceTree = "<group>";
		};
		3AFF67AF2862CC7000E3EDC3 /* Packages */ = {
			isa = PBXGroup;
			children = (
				3AFF67B02862CC7000E3EDC3 /* TreasureBoatSwift */,
			);
			name = Packages;
			sourceTree = "<group>";
		};
/* End PBXGroup section */

/* Begin PBXNativeTarget section */
		3AFF679D2862CC3C00E3EDC3 /* ExampleApp */ = {
			isa = PBXNativeTarget;
			buildConfigurationList = 3AFF67AC2862CC3D00E3EDC3 /* Build configuration list for PBXNativeTarget "ExampleApp" */;
			buildPhases = (
				3AFF679A2862CC3C00E3EDC3 /* Sources */,
				3AFF679B2862CC3C00E3EDC3 /* Frameworks */,
				3AFF679C2862CC3C00E3EDC3 /* Resources */,
			);
			buildRules = (
			);
			dependencies = (
			);
			name = ExampleApp;
			packageProductDependencies = (
				3A072268286753300072FA32 /* TreasureBoatSwift */,
			);
			productName = ExampleApp;
			productReference = 3AFF679E2862CC3C00E3EDC3 /* ExampleApp.app */;
			productType = "com.apple.product-type.application";
		};
/* End PBXNativeTarget section */

/* Begin PBXProject section */
		3AFF67962862CC3C00E3EDC3 /* Project object */ = {
			isa = PBXProject;
			attributes = {
				BuildIndependentTargetsInParallel = 1;
				LastSwiftUpdateCheck = 1340;
				LastUpgradeCheck = 1340;
				TargetAttributes = {
					3AFF679D2862CC3C00E3EDC3 = {
						CreatedOnToolsVersion = 13.4.1;
					};
				};
			};
			buildConfigurationList = 3AFF67992862CC3C00E3EDC3 /* Build configuration list for PBXProject "ExampleApp" */;
			compatibilityVersion = "Xcode 13.0";
			developmentRegion = en;
			hasScannedForEncodings = 0;
			knownRegions = (
				en,
				Base,
			);
			mainGroup = 3AFF67952862CC3C00E3EDC3;
			productRefGroup = 3AFF679F2862CC3C00E3EDC3 /* Products */;
			projectDirPath = "";
			projectRoot = "";
			targets = (
				3AFF679D2862CC3C00E3EDC3 /* ExampleApp */,
			);
		};
/* End PBXProject section */

/* Begin PBXResourcesBuildPhase section */
		3AFF679C2862CC3C00E3EDC3 /* Resources */ = {
			isa = PBXResourcesBuildPhase;
			buildActionMask = 2147483647;
			files = (
				3AFF67A92862CC3D00E3EDC3 /* Preview Assets.xcassets in Resources */,
				3AFF67A62862CC3D00E3EDC3 /* Assets.xcassets in Resources */,
			);
			runOnlyForDeploymentPostprocessing = 0;
		};
/* End PBXResourcesBuildPhase section */

/* Begin PBXSourcesBuildPhase section */
		3AFF679A2862CC3C00E3EDC3 /* Sources */ = {
			isa = PBXSourcesBuildPhase;
			buildActionMask = 2147483647;
			files = (
				3AFCA61F28718EAC00745122 /* SamplePage2.swift in Sources */,
				3AFF67A42862CC3C00E3EDC3 /* ContentView.swift in Sources */,
				3AFCA61D28718D0F00745122 /* SamplePage1.swift in Sources */,
				3AFF67A22862CC3C00E3EDC3 /* ExampleApp.swift in Sources */,
				3A07226B286757390072FA32 /* Constants.swift in Sources */,
			);
			runOnlyForDeploymentPostprocessing = 0;
		};
/* End PBXSourcesBuildPhase section */

/* Begin XCBuildConfiguration section */
		3AFF67AA2862CC3D00E3EDC3 /* Debug */ = {
			isa = XCBuildConfiguration;
			buildSettings = {
				ALWAYS_SEARCH_USER_PATHS = NO;
				CLANG_ANALYZER_NONNULL = YES;
				CLANG_ANALYZER_NUMBER_OBJECT_CONVERSION = YES_AGGRESSIVE;
				CLANG_CXX_LANGUAGE_STANDARD = "gnu++17";
				CLANG_ENABLE_MODULES = YES;
				CLANG_ENABLE_OBJC_ARC = YES;
				CLANG_ENABLE_OBJC_WEAK = YES;
				CLANG_WARN_BLOCK_CAPTURE_AUTORELEASING = YES;
				CLANG_WARN_BOOL_CONVERSION = YES;
				CLANG_WARN_COMMA = YES;
				CLANG_WARN_CONSTANT_CONVERSION = YES;
				CLANG_WARN_DEPRECATED_OBJC_IMPLEMENTATIONS = YES;
				CLANG_WARN_DIRECT_OBJC_ISA_USAGE = YES_ERROR;
				CLANG_WARN_DOCUMENTATION_COMMENTS = YES;
				CLANG_WARN_EMPTY_BODY = YES;
				CLANG_WARN_ENUM_CONVERSION = YES;
				CLANG_WARN_INFINITE_RECURSION = YES;
				CLANG_WARN_INT_CONVERSION = YES;
				CLANG_WARN_NON_LITERAL_NULL_CONVERSION = YES;
				CLANG_WARN_OBJC_IMPLICIT_RETAIN_SELF = YES;
				CLANG_WARN_OBJC_LITERAL_CONVERSION = YES;
				CLANG_WARN_OBJC_ROOT_CLASS = YES_ERROR;
				CLANG_WARN_QUOTED_INCLUDE_IN_FRAMEWORK_HEADER = YES;
				CLANG_WARN_RANGE_LOOP_ANALYSIS = YES;
				CLANG_WARN_STRICT_PROTOTYPES = YES;
				CLANG_WARN_SUSPICIOUS_MOVE = YES;
				CLANG_WARN_UNGUARDED_AVAILABILITY = YES_AGGRESSIVE;
				CLANG_WARN_UNREACHABLE_CODE = YES;
				CLANG_WARN__DUPLICATE_METHOD_MATCH = YES;
				COPY_PHASE_STRIP = NO;
				DEBUG_INFORMATION_FORMAT = dwarf;
				ENABLE_STRICT_OBJC_MSGSEND = YES;
				ENABLE_TESTABILITY = YES;
				GCC_C_LANGUAGE_STANDARD = gnu11;
				GCC_DYNAMIC_NO_PIC = NO;
				GCC_NO_COMMON_BLOCKS = YES;
				GCC_OPTIMIZATION_LEVEL = 0;
				GCC_PREPROCESSOR_DEFINITIONS = (
					"DEBUG=1",
					"$(inherited)",
				);
				GCC_WARN_64_TO_32_BIT_CONVERSION = YES;
				GCC_WARN_ABOUT_RETURN_TYPE = YES_ERROR;
				GCC_WARN_UNDECLARED_SELECTOR = YES;
				GCC_WARN_UNINITIALIZED_AUTOS = YES_AGGRESSIVE;
				GCC_WARN_UNUSED_FUNCTION = YES;
				GCC_WARN_UNUSED_VARIABLE = YES;
				IPHONEOS_DEPLOYMENT_TARGET = 15.5;
				MTL_ENABLE_DEBUG_INFO = INCLUDE_SOURCE;
				MTL_FAST_MATH = YES;
				ONLY_ACTIVE_ARCH = YES;
				SDKROOT = iphoneos;
				SWIFT_ACTIVE_COMPILATION_CONDITIONS = DEBUG;
				SWIFT_OPTIMIZATION_LEVEL = "-Onone";
			};
			name = Debug;
		};
		3AFF67AB2862CC3D00E3EDC3 /* Release */ = {
			isa = XCBuildConfiguration;
			buildSettings = {
				ALWAYS_SEARCH_USER_PATHS = NO;
				CLANG_ANALYZER_NONNULL = YES;
				CLANG_ANALYZER_NUMBER_OBJECT_CONVERSION = YES_AGGRESSIVE;
				CLANG_CXX_LANGUAGE_STANDARD = "gnu++17";
				CLANG_ENABLE_MODULES = YES;
				CLANG_ENABLE_OBJC_ARC = YES;
				CLANG_ENABLE_OBJC_WEAK = YES;
				CLANG_WARN_BLOCK_CAPTURE_AUTORELEASING = YES;
				CLANG_WARN_BOOL_CONVERSION = YES;
				CLANG_WARN_COMMA = YES;
				CLANG_WARN_CONSTANT_CONVERSION = YES;
				CLANG_WARN_DEPRECATED_OBJC_IMPLEMENTATIONS = YES;
				CLANG_WARN_DIRECT_OBJC_ISA_USAGE = YES_ERROR;
				CLANG_WARN_DOCUMENTATION_COMMENTS = YES;
				CLANG_WARN_EMPTY_BODY = YES;
				CLANG_WARN_ENUM_CONVERSION = YES;
				CLANG_WARN_INFINITE_RECURSION = YES;
				CLANG_WARN_INT_CONVERSION = YES;
				CLANG_WARN_NON_LITERAL_NULL_CONVERSION = YES;
				CLANG_WARN_OBJC_IMPLICIT_RETAIN_SELF = YES;
				CLANG_WARN_OBJC_LITERAL_CONVERSION = YES;
				CLANG_WARN_OBJC_ROOT_CLASS = YES_ERROR;
				CLANG_WARN_QUOTED_INCLUDE_IN_FRAMEWORK_HEADER = YES;
				CLANG_WARN_RANGE_LOOP_ANALYSIS = YES;
				CLANG_WARN_STRICT_PROTOTYPES = YES;
				CLANG_WARN_SUSPICIOUS_MOVE = YES;
				CLANG_WARN_UNGUARDED_AVAILABILITY = YES_AGGRESSIVE;
				CLANG_WARN_UNREACHABLE_CODE = YES;
				CLANG_WARN__DUPLICATE_METHOD_MATCH = YES;
				COPY_PHASE_STRIP = NO;
				DEBUG_INFORMATION_FORMAT = "dwarf-with-dsym";
				ENABLE_NS_ASSERTIONS = NO;
				ENABLE_STRICT_OBJC_MSGSEND = YES;
				GCC_C_LANGUAGE_STANDARD = gnu11;
				GCC_NO_COMMON_BLOCKS = YES;
				GCC_WARN_64_TO_32_BIT_CONVERSION = YES;
				GCC_WARN_ABOUT_RETURN_TYPE = YES_ERROR;
				GCC_WARN_UNDECLARED_SELECTOR = YES;
				GCC_WARN_UNINITIALIZED_AUTOS = YES_AGGRESSIVE;
				GCC_WARN_UNUSED_FUNCTION = YES;
				GCC_WARN_UNUSED_VARIABLE = YES;
				IPHONEOS_DEPLOYMENT_TARGET = 15.5;
				MTL_ENABLE_DEBUG_INFO = NO;
				MTL_FAST_MATH = YES;
				SDKROOT = iphoneos;
				SWIFT_COMPILATION_MODE = wholemodule;
				SWIFT_OPTIMIZATION_LEVEL = "-O";
				VALIDATE_PRODUCT = YES;
			};
			name = Release;
		};
		3AFF67AD2862CC3D00E3EDC3 /* Debug */ = {
			isa = XCBuildConfiguration;
			buildSettings = {
				ASSETCATALOG_COMPILER_APPICON_NAME = AppIcon;
				ASSETCATALOG_COMPILER_GLOBAL_ACCENT_COLOR_NAME = AccentColor;
				CODE_SIGN_STYLE = Automatic;
				CURRENT_PROJECT_VERSION = 1;
				DEVELOPMENT_ASSET_PATHS = "\"ExampleApp/Preview Content\"";
				DEVELOPMENT_TEAM = PU7HBEBHTW;
				ENABLE_PREVIEWS = YES;
				GENERATE_INFOPLIST_FILE = YES;
				INFOPLIST_KEY_UIApplicationSceneManifest_Generation = YES;
				INFOPLIST_KEY_UIApplicationSupportsIndirectInputEvents = YES;
				INFOPLIST_KEY_UILaunchScreen_Generation = YES;
				INFOPLIST_KEY_UISupportedInterfaceOrientations_iPad = "UIInterfaceOrientationPortrait UIInterfaceOrientationPortraitUpsideDown UIInterfaceOrientationLandscapeLeft UIInterfaceOrientationLandscapeRight";
				INFOPLIST_KEY_UISupportedInterfaceOrientations_iPhone = "UIInterfaceOrientationPortrait UIInterfaceOrientationLandscapeLeft UIInterfaceOrientationLandscapeRight";
				LD_RUNPATH_SEARCH_PATHS = (
					"$(inherited)",
					"@executable_path/Frameworks",
				);
				MARKETING_VERSION = 1.0;
				PRODUCT_BUNDLE_IDENTIFIER = international.fist.ExampleApp;
				PRODUCT_NAME = "$(TARGET_NAME)";
				SWIFT_EMIT_LOC_STRINGS = YES;
				SWIFT_VERSION = 5.0;
				TARGETED_DEVICE_FAMILY = "1,2";
			};
			name = Debug;
		};
		3AFF67AE2862CC3D00E3EDC3 /* Release */ = {
			isa = XCBuildConfiguration;
			buildSettings = {
				ASSETCATALOG_COMPILER_APPICON_NAME = AppIcon;
				ASSETCATALOG_COMPILER_GLOBAL_ACCENT_COLOR_NAME = AccentColor;
				CODE_SIGN_STYLE = Automatic;
				CURRENT_PROJECT_VERSION = 1;
				DEVELOPMENT_ASSET_PATHS = "\"ExampleApp/Preview Content\"";
				DEVELOPMENT_TEAM = PU7HBEBHTW;
				ENABLE_PREVIEWS = YES;
				GENERATE_INFOPLIST_FILE = YES;
				INFOPLIST_KEY_UIApplicationSceneManifest_Generation = YES;
				INFOPLIST_KEY_UIApplicationSupportsIndirectInputEvents = YES;
				INFOPLIST_KEY_UILaunchScreen_Generation = YES;
				INFOPLIST_KEY_UISupportedInterfaceOrientations_iPad = "UIInterfaceOrientationPortrait UIInterfaceOrientationPortraitUpsideDown UIInterfaceOrientationLandscapeLeft UIInterfaceOrientationLandscapeRight";
				INFOPLIST_KEY_UISupportedInterfaceOrientations_iPhone = "UIInterfaceOrientationPortrait UIInterfaceOrientationLandscapeLeft UIInterfaceOrientationLandscapeRight";
				LD_RUNPATH_SEARCH_PATHS = (
					"$(inherited)",
					"@executable_path/Frameworks",
				);
				MARKETING_VERSION = 1.0;
				PRODUCT_BUNDLE_IDENTIFIER = international.fist.ExampleApp;
				PRODUCT_NAME = "$(TARGET_NAME)";
				SWIFT_EMIT_LOC_STRINGS = YES;
				SWIFT_VERSION = 5.0;
				TARGETED_DEVICE_FAMILY = "1,2";
			};
			name = Release;
		};
/* End XCBuildConfiguration section */

/* Begin XCConfigurationList section */
		3AFF67992862CC3C00E3EDC3 /* Build configuration list for PBXProject "ExampleApp" */ = {
			isa = XCConfigurationList;
			buildConfigurations = (
				3AFF67AA2862CC3D00E3EDC3 /* Debug */,
				3AFF67AB2862CC3D00E3EDC3 /* Release */,
			);
			defaultConfigurationIsVisible = 0;
			defaultConfigurationName = Release;
		};
		3AFF67AC2862CC3D00E3EDC3 /* Build configuration list for PBXNativeTarget "ExampleApp" */ = {
			isa = XCConfigurationList;
			buildConfigurations = (
				3AFF67AD2862CC3D00E3EDC3 /* Debug */,
				3AFF67AE2862CC3D00E3EDC3 /* Release */,
			);
			defaultConfigurationIsVisible = 0;
			defaultConfigurationName = Release;
		};
/* End XCConfigurationList section */

/* Begin XCSwiftPackageProductDependency section */
		3A072268286753300072FA32 /* TreasureBoatSwift */ = {
			isa = XCSwiftPackageProductDependency;
			productName = TreasureBoatSwift;
		};
/* End XCSwiftPackageProductDependency section */
	};
	rootObject = 3AFF67962862CC3C00E3EDC3 /* Project object */;
}
